// !$*UTF8*$!
{
	archiveVersion = 1;
	classes = {
	};
	objectVersion = 46;
	objects = {

/* Begin PBXBuildFile section */
		E40B76551B9F5E1C00C4C0A5 /* DispatchAlertView.m in Sources */ = {isa = PBXBuildFile; fileRef = E40B764E1B9F5E1C00C4C0A5 /* DispatchAlertView.m */; };
		E40B76561B9F5E1C00C4C0A5 /* GestureDrivenTabController.m in Sources */ = {isa = PBXBuildFile; fileRef = E40B76501B9F5E1C00C4C0A5 /* GestureDrivenTabController.m */; };
		E40B76571B9F5E1C00C4C0A5 /* UIApplication+KeyboardFrame.m in Sources */ = {isa = PBXBuildFile; fileRef = E40B76521B9F5E1C00C4C0A5 /* UIApplication+KeyboardFrame.m */; };
		E40B76581B9F5E1C00C4C0A5 /* UIDevice+MachineProperties.m in Sources */ = {isa = PBXBuildFile; fileRef = E40B76541B9F5E1C00C4C0A5 /* UIDevice+MachineProperties.m */; };
		E40B765D1B9F5E2700C4C0A5 /* NSArray+Subarrays.m in Sources */ = {isa = PBXBuildFile; fileRef = E40B765A1B9F5E2700C4C0A5 /* NSArray+Subarrays.m */; };
		E40B765E1B9F5E2700C4C0A5 /* NSSet+RemoveObject.m in Sources */ = {isa = PBXBuildFile; fileRef = E40B765C1B9F5E2700C4C0A5 /* NSSet+RemoveObject.m */; };
		E4560BC81BA1AA7B0084269D /* GestureTabsCrunchingVC.m in Sources */ = {isa = PBXBuildFile; fileRef = E4560BC71BA1AA7B0084269D /* GestureTabsCrunchingVC.m */; };
		E486AB701B03286B00F0DC7D /* Default-568h@2x.png in Resources */ = {isa = PBXBuildFile; fileRef = E486AB6F1B03286B00F0DC7D /* Default-568h@2x.png */; };
		E48C9A941B00F1B400DD4DA3 /* main.m in Sources */ = {isa = PBXBuildFile; fileRef = E48C9A931B00F1B400DD4DA3 /* main.m */; };
		E48C9A971B00F1B400DD4DA3 /* AppDelegate.m in Sources */ = {isa = PBXBuildFile; fileRef = E48C9A961B00F1B400DD4DA3 /* AppDelegate.m */; };
		E48C9A9D1B00F1B400DD4DA3 /* PopoverCrunchingVC.m in Sources */ = {isa = PBXBuildFile; fileRef = E48C9A9C1B00F1B400DD4DA3 /* PopoverCrunchingVC.m */; };
		E48C9AA01B00F1B400DD4DA3 /* Main.storyboard in Resources */ = {isa = PBXBuildFile; fileRef = E48C9A9E1B00F1B400DD4DA3 /* Main.storyboard */; };
		E48C9B001B00F1E300DD4DA3 /* bezier.c in Sources */ = {isa = PBXBuildFile; fileRef = E48C9ABC1B00F1E300DD4DA3 /* bezier.c */; };
		E48C9B011B00F1E300DD4DA3 /* choose.c in Sources */ = {isa = PBXBuildFile; fileRef = E48C9ABE1B00F1E300DD4DA3 /* choose.c */; };
		E48C9B021B00F1E300DD4DA3 /* search.c in Sources */ = {isa = PBXBuildFile; fileRef = E48C9AC01B00F1E300DD4DA3 /* search.c */; };
		E48C9B031B00F1E300DD4DA3 /* NSArray+Choose.m in Sources */ = {isa = PBXBuildFile; fileRef = E48C9AC41B00F1E300DD4DA3 /* NSArray+Choose.m */; };
		E48C9B041B00F1E300DD4DA3 /* NSArray+CreateByBlock.m in Sources */ = {isa = PBXBuildFile; fileRef = E48C9AC61B00F1E300DD4DA3 /* NSArray+CreateByBlock.m */; };
		E48C9B051B00F1E300DD4DA3 /* NSArray+Cycle.m in Sources */ = {isa = PBXBuildFile; fileRef = E48C9AC81B00F1E300DD4DA3 /* NSArray+Cycle.m */; };
		E48C9B061B00F1E300DD4DA3 /* NSArray+Deduplicate.m in Sources */ = {isa = PBXBuildFile; fileRef = E48C9ACA1B00F1E300DD4DA3 /* NSArray+Deduplicate.m */; };
		E48C9B071B00F1E300DD4DA3 /* NSArray+DeepCopy.m in Sources */ = {isa = PBXBuildFile; fileRef = E48C9ACC1B00F1E300DD4DA3 /* NSArray+DeepCopy.m */; };
		E48C9B081B00F1E300DD4DA3 /* NSArray+DeriveArray.m in Sources */ = {isa = PBXBuildFile; fileRef = E48C9ACE1B00F1E300DD4DA3 /* NSArray+DeriveArray.m */; };
		E48C9B091B00F1E300DD4DA3 /* NSArray+FilterByBlock.m in Sources */ = {isa = PBXBuildFile; fileRef = E48C9AD01B00F1E300DD4DA3 /* NSArray+FilterByBlock.m */; };
		E48C9B0A1B00F1E300DD4DA3 /* NSArray+PointerArray.m in Sources */ = {isa = PBXBuildFile; fileRef = E48C9AD21B00F1E300DD4DA3 /* NSArray+PointerArray.m */; };
		E48C9B0B1B00F1E300DD4DA3 /* NSArray+RemoveObject.m in Sources */ = {isa = PBXBuildFile; fileRef = E48C9AD41B00F1E300DD4DA3 /* NSArray+RemoveObject.m */; };
		E48C9B0C1B00F1E300DD4DA3 /* NSData+RandomData.m in Sources */ = {isa = PBXBuildFile; fileRef = E48C9AD61B00F1E300DD4DA3 /* NSData+RandomData.m */; };
		E48C9B0D1B00F1E300DD4DA3 /* NSData+ZLibCompression.m in Sources */ = {isa = PBXBuildFile; fileRef = E48C9AD81B00F1E300DD4DA3 /* NSData+ZLibCompression.m */; };
		E48C9B0E1B00F1E300DD4DA3 /* NSDictionary+CollectionValues.m in Sources */ = {isa = PBXBuildFile; fileRef = E48C9ADA1B00F1E300DD4DA3 /* NSDictionary+CollectionValues.m */; };
		E48C9B0F1B00F1E300DD4DA3 /* NSDictionary+ValueArray.m in Sources */ = {isa = PBXBuildFile; fileRef = E48C9ADC1B00F1E300DD4DA3 /* NSDictionary+ValueArray.m */; };
		E48C9B101B00F1E300DD4DA3 /* NSIndexSet+Arrays.m in Sources */ = {isa = PBXBuildFile; fileRef = E48C9ADE1B00F1E300DD4DA3 /* NSIndexSet+Arrays.m */; };
		E48C9B111B00F1E300DD4DA3 /* NSSet+DeriveSet.m in Sources */ = {isa = PBXBuildFile; fileRef = E48C9AE01B00F1E300DD4DA3 /* NSSet+DeriveSet.m */; };
		E48C9B121B00F1E300DD4DA3 /* NSSet+Intersection.m in Sources */ = {isa = PBXBuildFile; fileRef = E48C9AE21B00F1E300DD4DA3 /* NSSet+Intersection.m */; };
		E48C9B151B00F1E300DD4DA3 /* AdBannerViewController.m in Sources */ = {isa = PBXBuildFile; fileRef = E48C9AE71B00F1E300DD4DA3 /* AdBannerViewController.m */; };
		E48C9B161B00F1E300DD4DA3 /* DispatchActionSheet.m in Sources */ = {isa = PBXBuildFile; fileRef = E48C9AE91B00F1E300DD4DA3 /* DispatchActionSheet.m */; };
		E48C9B171B00F1E300DD4DA3 /* DispatchPickerView.m in Sources */ = {isa = PBXBuildFile; fileRef = E48C9AEB1B00F1E300DD4DA3 /* DispatchPickerView.m */; };
		E48C9B181B00F1E300DD4DA3 /* DispatchTableViewController.m in Sources */ = {isa = PBXBuildFile; fileRef = E48C9AED1B00F1E300DD4DA3 /* DispatchTableViewController.m */; };
		E48C9B191B00F1E300DD4DA3 /* InAppPurchaseController.m in Sources */ = {isa = PBXBuildFile; fileRef = E48C9AEF1B00F1E300DD4DA3 /* InAppPurchaseController.m */; };
		E48C9B1A1B00F1E300DD4DA3 /* InputAccessoryToolbar.m in Sources */ = {isa = PBXBuildFile; fileRef = E48C9AF11B00F1E300DD4DA3 /* InputAccessoryToolbar.m */; };
		E48C9B1B1B00F1E300DD4DA3 /* LinedSectionsFlowLayout.m in Sources */ = {isa = PBXBuildFile; fileRef = E48C9AF31B00F1E300DD4DA3 /* LinedSectionsFlowLayout.m */; };
		E48C9B1C1B00F1E300DD4DA3 /* StackedFlowLayout.m in Sources */ = {isa = PBXBuildFile; fileRef = E48C9AF51B00F1E300DD4DA3 /* StackedFlowLayout.m */; };
		E48C9B1D1B00F1E300DD4DA3 /* TwoDimensionalLayout.m in Sources */ = {isa = PBXBuildFile; fileRef = E48C9AF71B00F1E300DD4DA3 /* TwoDimensionalLayout.m */; };
		E48C9B1E1B00F1E300DD4DA3 /* UIApplication+GetFirstResponder.m in Sources */ = {isa = PBXBuildFile; fileRef = E48C9AF91B00F1E300DD4DA3 /* UIApplication+GetFirstResponder.m */; };
		E48C9B1F1B00F1E300DD4DA3 /* UICollectionView+PinchToZoom.m in Sources */ = {isa = PBXBuildFile; fileRef = E48C9AFB1B00F1E300DD4DA3 /* UICollectionView+PinchToZoom.m */; };
		E48C9B201B00F1E300DD4DA3 /* UICollectionViewController+KeyboardMgmt.m in Sources */ = {isa = PBXBuildFile; fileRef = E48C9AFD1B00F1E300DD4DA3 /* UICollectionViewController+KeyboardMgmt.m */; };
		E48C9B211B00F1E300DD4DA3 /* UIPopoverController+UniversalSupport.m in Sources */ = {isa = PBXBuildFile; fileRef = E48C9AFF1B00F1E300DD4DA3 /* UIPopoverController+UniversalSupport.m */; };
/* End PBXBuildFile section */

/* Begin PBXFileReference section */
		E40B764D1B9F5E1C00C4C0A5 /* DispatchAlertView.h */ = {isa = PBXFileReference; fileEncoding = 4; lastKnownFileType = sourcecode.c.h; path = DispatchAlertView.h; sourceTree = "<group>"; };
		E40B764E1B9F5E1C00C4C0A5 /* DispatchAlertView.m */ = {isa = PBXFileReference; fileEncoding = 4; lastKnownFileType = sourcecode.c.objc; path = DispatchAlertView.m; sourceTree = "<group>"; };
		E40B764F1B9F5E1C00C4C0A5 /* GestureDrivenTabController.h */ = {isa = PBXFileReference; fileEncoding = 4; lastKnownFileType = sourcecode.c.h; path = GestureDrivenTabController.h; sourceTree = "<group>"; };
		E40B76501B9F5E1C00C4C0A5 /* GestureDrivenTabController.m */ = {isa = PBXFileReference; fileEncoding = 4; lastKnownFileType = sourcecode.c.objc; path = GestureDrivenTabController.m; sourceTree = "<group>"; };
		E40B76511B9F5E1C00C4C0A5 /* UIApplication+KeyboardFrame.h */ = {isa = PBXFileReference; fileEncoding = 4; lastKnownFileType = sourcecode.c.h; path = "UIApplication+KeyboardFrame.h"; sourceTree = "<group>"; };
		E40B76521B9F5E1C00C4C0A5 /* UIApplication+KeyboardFrame.m */ = {isa = PBXFileReference; fileEncoding = 4; lastKnownFileType = sourcecode.c.objc; path = "UIApplication+KeyboardFrame.m"; sourceTree = "<group>"; };
		E40B76531B9F5E1C00C4C0A5 /* UIDevice+MachineProperties.h */ = {isa = PBXFileReference; fileEncoding = 4; lastKnownFileType = sourcecode.c.h; path = "UIDevice+MachineProperties.h"; sourceTree = "<group>"; };
		E40B76541B9F5E1C00C4C0A5 /* UIDevice+MachineProperties.m */ = {isa = PBXFileReference; fileEncoding = 4; lastKnownFileType = sourcecode.c.objc; path = "UIDevice+MachineProperties.m"; sourceTree = "<group>"; };
		E40B76591B9F5E2700C4C0A5 /* NSArray+Subarrays.h */ = {isa = PBXFileReference; fileEncoding = 4; lastKnownFileType = sourcecode.c.h; path = "NSArray+Subarrays.h"; sourceTree = "<group>"; };
		E40B765A1B9F5E2700C4C0A5 /* NSArray+Subarrays.m */ = {isa = PBXFileReference; fileEncoding = 4; lastKnownFileType = sourcecode.c.objc; path = "NSArray+Subarrays.m"; sourceTree = "<group>"; };
		E40B765B1B9F5E2700C4C0A5 /* NSSet+RemoveObject.h */ = {isa = PBXFileReference; fileEncoding = 4; lastKnownFileType = sourcecode.c.h; path = "NSSet+RemoveObject.h"; sourceTree = "<group>"; };
		E40B765C1B9F5E2700C4C0A5 /* NSSet+RemoveObject.m */ = {isa = PBXFileReference; fileEncoding = 4; lastKnownFileType = sourcecode.c.objc; path = "NSSet+RemoveObject.m"; sourceTree = "<group>"; };
		E4560BC61BA1AA7B0084269D /* GestureTabsCrunchingVC.h */ = {isa = PBXFileReference; fileEncoding = 4; lastKnownFileType = sourcecode.c.h; path = GestureTabsCrunchingVC.h; sourceTree = "<group>"; };
		E4560BC71BA1AA7B0084269D /* GestureTabsCrunchingVC.m */ = {isa = PBXFileReference; fileEncoding = 4; lastKnownFileType = sourcecode.c.objc; path = GestureTabsCrunchingVC.m; sourceTree = "<group>"; };
		E486AB6F1B03286B00F0DC7D /* Default-568h@2x.png */ = {isa = PBXFileReference; lastKnownFileType = image.png; name = "Default-568h@2x.png"; path = "../Default-568h@2x.png"; sourceTree = "<group>"; };
		E48C9A8E1B00F1B400DD4DA3 /* Cococrunch.app */ = {isa = PBXFileReference; explicitFileType = wrapper.application; includeInIndex = 0; path = Cococrunch.app; sourceTree = BUILT_PRODUCTS_DIR; };
		E48C9A921B00F1B400DD4DA3 /* Info.plist */ = {isa = PBXFileReference; lastKnownFileType = text.plist.xml; path = Info.plist; sourceTree = "<group>"; };
		E48C9A931B00F1B400DD4DA3 /* main.m */ = {isa = PBXFileReference; lastKnownFileType = sourcecode.c.objc; path = main.m; sourceTree = "<group>"; };
		E48C9A951B00F1B400DD4DA3 /* AppDelegate.h */ = {isa = PBXFileReference; lastKnownFileType = sourcecode.c.h; path = AppDelegate.h; sourceTree = "<group>"; };
		E48C9A961B00F1B400DD4DA3 /* AppDelegate.m */ = {isa = PBXFileReference; lastKnownFileType = sourcecode.c.objc; path = AppDelegate.m; sourceTree = "<group>"; };
		E48C9A9B1B00F1B400DD4DA3 /* PopoverCrunchingVC.h */ = {isa = PBXFileReference; lastKnownFileType = sourcecode.c.h; path = PopoverCrunchingVC.h; sourceTree = "<group>"; };
		E48C9A9C1B00F1B400DD4DA3 /* PopoverCrunchingVC.m */ = {isa = PBXFileReference; lastKnownFileType = sourcecode.c.objc; path = PopoverCrunchingVC.m; sourceTree = "<group>"; };
		E48C9A9F1B00F1B400DD4DA3 /* Base */ = {isa = PBXFileReference; lastKnownFileType = file.storyboard; name = Base; path = Base.lproj/Main.storyboard; sourceTree = "<group>"; };
		E48C9ABC1B00F1E300DD4DA3 /* bezier.c */ = {isa = PBXFileReference; fileEncoding = 4; lastKnownFileType = sourcecode.c.c; path = bezier.c; sourceTree = "<group>"; };
		E48C9ABD1B00F1E300DD4DA3 /* bezier.h */ = {isa = PBXFileReference; fileEncoding = 4; lastKnownFileType = sourcecode.c.h; path = bezier.h; sourceTree = "<group>"; };
		E48C9ABE1B00F1E300DD4DA3 /* choose.c */ = {isa = PBXFileReference; fileEncoding = 4; lastKnownFileType = sourcecode.c.c; path = choose.c; sourceTree = "<group>"; };
		E48C9ABF1B00F1E300DD4DA3 /* choose.h */ = {isa = PBXFileReference; fileEncoding = 4; lastKnownFileType = sourcecode.c.h; path = choose.h; sourceTree = "<group>"; };
		E48C9AC01B00F1E300DD4DA3 /* search.c */ = {isa = PBXFileReference; fileEncoding = 4; lastKnownFileType = sourcecode.c.c; path = search.c; sourceTree = "<group>"; };
		E48C9AC11B00F1E300DD4DA3 /* search.h */ = {isa = PBXFileReference; fileEncoding = 4; lastKnownFileType = sourcecode.c.h; path = search.h; sourceTree = "<group>"; };
		E48C9AC31B00F1E300DD4DA3 /* NSArray+Choose.h */ = {isa = PBXFileReference; fileEncoding = 4; lastKnownFileType = sourcecode.c.h; path = "NSArray+Choose.h"; sourceTree = "<group>"; };
		E48C9AC41B00F1E300DD4DA3 /* NSArray+Choose.m */ = {isa = PBXFileReference; fileEncoding = 4; lastKnownFileType = sourcecode.c.objc; path = "NSArray+Choose.m"; sourceTree = "<group>"; };
		E48C9AC51B00F1E300DD4DA3 /* NSArray+CreateByBlock.h */ = {isa = PBXFileReference; fileEncoding = 4; lastKnownFileType = sourcecode.c.h; path = "NSArray+CreateByBlock.h"; sourceTree = "<group>"; };
		E48C9AC61B00F1E300DD4DA3 /* NSArray+CreateByBlock.m */ = {isa = PBXFileReference; fileEncoding = 4; lastKnownFileType = sourcecode.c.objc; path = "NSArray+CreateByBlock.m"; sourceTree = "<group>"; };
		E48C9AC71B00F1E300DD4DA3 /* NSArray+Cycle.h */ = {isa = PBXFileReference; fileEncoding = 4; lastKnownFileType = sourcecode.c.h; path = "NSArray+Cycle.h"; sourceTree = "<group>"; };
		E48C9AC81B00F1E300DD4DA3 /* NSArray+Cycle.m */ = {isa = PBXFileReference; fileEncoding = 4; lastKnownFileType = sourcecode.c.objc; path = "NSArray+Cycle.m"; sourceTree = "<group>"; };
		E48C9AC91B00F1E300DD4DA3 /* NSArray+Deduplicate.h */ = {isa = PBXFileReference; fileEncoding = 4; lastKnownFileType = sourcecode.c.h; path = "NSArray+Deduplicate.h"; sourceTree = "<group>"; };
		E48C9ACA1B00F1E300DD4DA3 /* NSArray+Deduplicate.m */ = {isa = PBXFileReference; fileEncoding = 4; lastKnownFileType = sourcecode.c.objc; path = "NSArray+Deduplicate.m"; sourceTree = "<group>"; };
		E48C9ACB1B00F1E300DD4DA3 /* NSArray+DeepCopy.h */ = {isa = PBXFileReference; fileEncoding = 4; lastKnownFileType = sourcecode.c.h; path = "NSArray+DeepCopy.h"; sourceTree = "<group>"; };
		E48C9ACC1B00F1E300DD4DA3 /* NSArray+DeepCopy.m */ = {isa = PBXFileReference; fileEncoding = 4; lastKnownFileType = sourcecode.c.objc; path = "NSArray+DeepCopy.m"; sourceTree = "<group>"; };
		E48C9ACD1B00F1E300DD4DA3 /* NSArray+DeriveArray.h */ = {isa = PBXFileReference; fileEncoding = 4; lastKnownFileType = sourcecode.c.h; path = "NSArray+DeriveArray.h"; sourceTree = "<group>"; };
		E48C9ACE1B00F1E300DD4DA3 /* NSArray+DeriveArray.m */ = {isa = PBXFileReference; fileEncoding = 4; lastKnownFileType = sourcecode.c.objc; path = "NSArray+DeriveArray.m"; sourceTree = "<group>"; };
		E48C9ACF1B00F1E300DD4DA3 /* NSArray+FilterByBlock.h */ = {isa = PBXFileReference; fileEncoding = 4; lastKnownFileType = sourcecode.c.h; path = "NSArray+FilterByBlock.h"; sourceTree = "<group>"; };
		E48C9AD01B00F1E300DD4DA3 /* NSArray+FilterByBlock.m */ = {isa = PBXFileReference; fileEncoding = 4; lastKnownFileType = sourcecode.c.objc; path = "NSArray+FilterByBlock.m"; sourceTree = "<group>"; };
		E48C9AD11B00F1E300DD4DA3 /* NSArray+PointerArray.h */ = {isa = PBXFileReference; fileEncoding = 4; lastKnownFileType = sourcecode.c.h; path = "NSArray+PointerArray.h"; sourceTree = "<group>"; };
		E48C9AD21B00F1E300DD4DA3 /* NSArray+PointerArray.m */ = {isa = PBXFileReference; fileEncoding = 4; lastKnownFileType = sourcecode.c.objc; path = "NSArray+PointerArray.m"; sourceTree = "<group>"; };
		E48C9AD31B00F1E300DD4DA3 /* NSArray+RemoveObject.h */ = {isa = PBXFileReference; fileEncoding = 4; lastKnownFileType = sourcecode.c.h; path = "NSArray+RemoveObject.h"; sourceTree = "<group>"; };
		E48C9AD41B00F1E300DD4DA3 /* NSArray+RemoveObject.m */ = {isa = PBXFileReference; fileEncoding = 4; lastKnownFileType = sourcecode.c.objc; path = "NSArray+RemoveObject.m"; sourceTree = "<group>"; };
		E48C9AD51B00F1E300DD4DA3 /* NSData+RandomData.h */ = {isa = PBXFileReference; fileEncoding = 4; lastKnownFileType = sourcecode.c.h; path = "NSData+RandomData.h"; sourceTree = "<group>"; };
		E48C9AD61B00F1E300DD4DA3 /* NSData+RandomData.m */ = {isa = PBXFileReference; fileEncoding = 4; lastKnownFileType = sourcecode.c.objc; path = "NSData+RandomData.m"; sourceTree = "<group>"; };
		E48C9AD71B00F1E300DD4DA3 /* NSData+ZLibCompression.h */ = {isa = PBXFileReference; fileEncoding = 4; lastKnownFileType = sourcecode.c.h; path = "NSData+ZLibCompression.h"; sourceTree = "<group>"; };
		E48C9AD81B00F1E300DD4DA3 /* NSData+ZLibCompression.m */ = {isa = PBXFileReference; fileEncoding = 4; lastKnownFileType = sourcecode.c.objc; path = "NSData+ZLibCompression.m"; sourceTree = "<group>"; };
		E48C9AD91B00F1E300DD4DA3 /* NSDictionary+CollectionValues.h */ = {isa = PBXFileReference; fileEncoding = 4; lastKnownFileType = sourcecode.c.h; path = "NSDictionary+CollectionValues.h"; sourceTree = "<group>"; };
		E48C9ADA1B00F1E300DD4DA3 /* NSDictionary+CollectionValues.m */ = {isa = PBXFileReference; fileEncoding = 4; lastKnownFileType = sourcecode.c.objc; path = "NSDictionary+CollectionValues.m"; sourceTree = "<group>"; };
		E48C9ADB1B00F1E300DD4DA3 /* NSDictionary+ValueArray.h */ = {isa = PBXFileReference; fileEncoding = 4; lastKnownFileType = sourcecode.c.h; path = "NSDictionary+ValueArray.h"; sourceTree = "<group>"; };
		E48C9ADC1B00F1E300DD4DA3 /* NSDictionary+ValueArray.m */ = {isa = PBXFileReference; fileEncoding = 4; lastKnownFileType = sourcecode.c.objc; path = "NSDictionary+ValueArray.m"; sourceTree = "<group>"; };
		E48C9ADD1B00F1E300DD4DA3 /* NSIndexSet+Arrays.h */ = {isa = PBXFileReference; fileEncoding = 4; lastKnownFileType = sourcecode.c.h; path = "NSIndexSet+Arrays.h"; sourceTree = "<group>"; };
		E48C9ADE1B00F1E300DD4DA3 /* NSIndexSet+Arrays.m */ = {isa = PBXFileReference; fileEncoding = 4; lastKnownFileType = sourcecode.c.objc; path = "NSIndexSet+Arrays.m"; sourceTree = "<group>"; };
		E48C9ADF1B00F1E300DD4DA3 /* NSSet+DeriveSet.h */ = {isa = PBXFileReference; fileEncoding = 4; lastKnownFileType = sourcecode.c.h; path = "NSSet+DeriveSet.h"; sourceTree = "<group>"; };
		E48C9AE01B00F1E300DD4DA3 /* NSSet+DeriveSet.m */ = {isa = PBXFileReference; fileEncoding = 4; lastKnownFileType = sourcecode.c.objc; path = "NSSet+DeriveSet.m"; sourceTree = "<group>"; };
		E48C9AE11B00F1E300DD4DA3 /* NSSet+Intersection.h */ = {isa = PBXFileReference; fileEncoding = 4; lastKnownFileType = sourcecode.c.h; path = "NSSet+Intersection.h"; sourceTree = "<group>"; };
		E48C9AE21B00F1E300DD4DA3 /* NSSet+Intersection.m */ = {isa = PBXFileReference; fileEncoding = 4; lastKnownFileType = sourcecode.c.objc; path = "NSSet+Intersection.m"; sourceTree = "<group>"; };
		E48C9AE61B00F1E300DD4DA3 /* AdBannerViewController.h */ = {isa = PBXFileReference; fileEncoding = 4; lastKnownFileType = sourcecode.c.h; path = AdBannerViewController.h; sourceTree = "<group>"; };
		E48C9AE71B00F1E300DD4DA3 /* AdBannerViewController.m */ = {isa = PBXFileReference; fileEncoding = 4; lastKnownFileType = sourcecode.c.objc; path = AdBannerViewController.m; sourceTree = "<group>"; };
		E48C9AE81B00F1E300DD4DA3 /* DispatchActionSheet.h */ = {isa = PBXFileReference; fileEncoding = 4; lastKnownFileType = sourcecode.c.h; path = DispatchActionSheet.h; sourceTree = "<group>"; };
		E48C9AE91B00F1E300DD4DA3 /* DispatchActionSheet.m */ = {isa = PBXFileReference; fileEncoding = 4; lastKnownFileType = sourcecode.c.objc; path = DispatchActionSheet.m; sourceTree = "<group>"; };
		E48C9AEA1B00F1E300DD4DA3 /* DispatchPickerView.h */ = {isa = PBXFileReference; fileEncoding = 4; lastKnownFileType = sourcecode.c.h; path = DispatchPickerView.h; sourceTree = "<group>"; };
		E48C9AEB1B00F1E300DD4DA3 /* DispatchPickerView.m */ = {isa = PBXFileReference; fileEncoding = 4; lastKnownFileType = sourcecode.c.objc; path = DispatchPickerView.m; sourceTree = "<group>"; };
		E48C9AEC1B00F1E300DD4DA3 /* DispatchTableViewController.h */ = {isa = PBXFileReference; fileEncoding = 4; lastKnownFileType = sourcecode.c.h; path = DispatchTableViewController.h; sourceTree = "<group>"; };
		E48C9AED1B00F1E300DD4DA3 /* DispatchTableViewController.m */ = {isa = PBXFileReference; fileEncoding = 4; lastKnownFileType = sourcecode.c.objc; path = DispatchTableViewController.m; sourceTree = "<group>"; };
		E48C9AEE1B00F1E300DD4DA3 /* InAppPurchaseController.h */ = {isa = PBXFileReference; fileEncoding = 4; lastKnownFileType = sourcecode.c.h; path = InAppPurchaseController.h; sourceTree = "<group>"; };
		E48C9AEF1B00F1E300DD4DA3 /* InAppPurchaseController.m */ = {isa = PBXFileReference; fileEncoding = 4; lastKnownFileType = sourcecode.c.objc; path = InAppPurchaseController.m; sourceTree = "<group>"; };
		E48C9AF01B00F1E300DD4DA3 /* InputAccessoryToolbar.h */ = {isa = PBXFileReference; fileEncoding = 4; lastKnownFileType = sourcecode.c.h; path = InputAccessoryToolbar.h; sourceTree = "<group>"; };
		E48C9AF11B00F1E300DD4DA3 /* InputAccessoryToolbar.m */ = {isa = PBXFileReference; fileEncoding = 4; lastKnownFileType = sourcecode.c.objc; path = InputAccessoryToolbar.m; sourceTree = "<group>"; };
		E48C9AF21B00F1E300DD4DA3 /* LinedSectionsFlowLayout.h */ = {isa = PBXFileReference; fileEncoding = 4; lastKnownFileType = sourcecode.c.h; path = LinedSectionsFlowLayout.h; sourceTree = "<group>"; };
		E48C9AF31B00F1E300DD4DA3 /* LinedSectionsFlowLayout.m */ = {isa = PBXFileReference; fileEncoding = 4; lastKnownFileType = sourcecode.c.objc; path = LinedSectionsFlowLayout.m; sourceTree = "<group>"; };
		E48C9AF41B00F1E300DD4DA3 /* StackedFlowLayout.h */ = {isa = PBXFileReference; fileEncoding = 4; lastKnownFileType = sourcecode.c.h; path = StackedFlowLayout.h; sourceTree = "<group>"; };
		E48C9AF51B00F1E300DD4DA3 /* StackedFlowLayout.m */ = {isa = PBXFileReference; fileEncoding = 4; lastKnownFileType = sourcecode.c.objc; path = StackedFlowLayout.m; sourceTree = "<group>"; };
		E48C9AF61B00F1E300DD4DA3 /* TwoDimensionalLayout.h */ = {isa = PBXFileReference; fileEncoding = 4; lastKnownFileType = sourcecode.c.h; path = TwoDimensionalLayout.h; sourceTree = "<group>"; };
		E48C9AF71B00F1E300DD4DA3 /* TwoDimensionalLayout.m */ = {isa = PBXFileReference; fileEncoding = 4; lastKnownFileType = sourcecode.c.objc; path = TwoDimensionalLayout.m; sourceTree = "<group>"; };
		E48C9AF81B00F1E300DD4DA3 /* UIApplication+GetFirstResponder.h */ = {isa = PBXFileReference; fileEncoding = 4; lastKnownFileType = sourcecode.c.h; path = "UIApplication+GetFirstResponder.h"; sourceTree = "<group>"; };
		E48C9AF91B00F1E300DD4DA3 /* UIApplication+GetFirstResponder.m */ = {isa = PBXFileReference; fileEncoding = 4; lastKnownFileType = sourcecode.c.objc; path = "UIApplication+GetFirstResponder.m"; sourceTree = "<group>"; };
		E48C9AFA1B00F1E300DD4DA3 /* UICollectionView+PinchToZoom.h */ = {isa = PBXFileReference; fileEncoding = 4; lastKnownFileType = sourcecode.c.h; path = "UICollectionView+PinchToZoom.h"; sourceTree = "<group>"; };
		E48C9AFB1B00F1E300DD4DA3 /* UICollectionView+PinchToZoom.m */ = {isa = PBXFileReference; fileEncoding = 4; lastKnownFileType = sourcecode.c.objc; path = "UICollectionView+PinchToZoom.m"; sourceTree = "<group>"; };
		E48C9AFC1B00F1E300DD4DA3 /* UICollectionViewController+KeyboardMgmt.h */ = {isa = PBXFileReference; fileEncoding = 4; lastKnownFileType = sourcecode.c.h; path = "UICollectionViewController+KeyboardMgmt.h"; sourceTree = "<group>"; };
		E48C9AFD1B00F1E300DD4DA3 /* UICollectionViewController+KeyboardMgmt.m */ = {isa = PBXFileReference; fileEncoding = 4; lastKnownFileType = sourcecode.c.objc; path = "UICollectionViewController+KeyboardMgmt.m"; sourceTree = "<group>"; };
		E48C9AFE1B00F1E300DD4DA3 /* UIPopoverController+UniversalSupport.h */ = {isa = PBXFileReference; fileEncoding = 4; lastKnownFileType = sourcecode.c.h; path = "UIPopoverController+UniversalSupport.h"; sourceTree = "<group>"; };
		E48C9AFF1B00F1E300DD4DA3 /* UIPopoverController+UniversalSupport.m */ = {isa = PBXFileReference; fileEncoding = 4; lastKnownFileType = sourcecode.c.objc; path = "UIPopoverController+UniversalSupport.m"; sourceTree = "<group>"; };
/* End PBXFileReference section */

/* Begin PBXFrameworksBuildPhase section */
		E48C9A8B1B00F1B400DD4DA3 /* Frameworks */ = {
			isa = PBXFrameworksBuildPhase;
			buildActionMask = 2147483647;
			files = (
			);
			runOnlyForDeploymentPostprocessing = 0;
		};
/* End PBXFrameworksBuildPhase section */

/* Begin PBXGroup section */
		E48C9A851B00F1B400DD4DA3 = {
			isa = PBXGroup;
			children = (
				E48C9ABA1B00F1E300DD4DA3 /* Cocopops */,
				E48C9A901B00F1B400DD4DA3 /* Cococrunch */,
				E48C9A8F1B00F1B400DD4DA3 /* Products */,
			);
			sourceTree = "<group>";
		};
		E48C9A8F1B00F1B400DD4DA3 /* Products */ = {
			isa = PBXGroup;
			children = (
				E48C9A8E1B00F1B400DD4DA3 /* Cococrunch.app */,
			);
			name = Products;
			sourceTree = "<group>";
		};
		E48C9A901B00F1B400DD4DA3 /* Cococrunch */ = {
			isa = PBXGroup;
			children = (
				E48C9A951B00F1B400DD4DA3 /* AppDelegate.h */,
				E48C9A961B00F1B400DD4DA3 /* AppDelegate.m */,
				E48C9A9B1B00F1B400DD4DA3 /* PopoverCrunchingVC.h */,
				E48C9A9C1B00F1B400DD4DA3 /* PopoverCrunchingVC.m */,
				E4560BC61BA1AA7B0084269D /* GestureTabsCrunchingVC.h */,
				E4560BC71BA1AA7B0084269D /* GestureTabsCrunchingVC.m */,
				E48C9A9E1B00F1B400DD4DA3 /* Main.storyboard */,
				E486AB6F1B03286B00F0DC7D /* Default-568h@2x.png */,
				E48C9A921B00F1B400DD4DA3 /* Info.plist */,
				E48C9A931B00F1B400DD4DA3 /* main.m */,
			);
			path = Cococrunch;
			sourceTree = "<group>";
		};
		E48C9ABA1B00F1E300DD4DA3 /* Cocopops */ = {
			isa = PBXGroup;
			children = (
				E48C9ABB1B00F1E300DD4DA3 /* cee */,
				E48C9AC21B00F1E300DD4DA3 /* Foundation */,
				E48C9AE51B00F1E300DD4DA3 /* UIKit */,
			);
			path = Cocopops;
			sourceTree = "<group>";
		};
		E48C9ABB1B00F1E300DD4DA3 /* cee */ = {
			isa = PBXGroup;
			children = (
				E48C9ABC1B00F1E300DD4DA3 /* bezier.c */,
				E48C9ABD1B00F1E300DD4DA3 /* bezier.h */,
				E48C9ABE1B00F1E300DD4DA3 /* choose.c */,
				E48C9ABF1B00F1E300DD4DA3 /* choose.h */,
				E48C9AC01B00F1E300DD4DA3 /* search.c */,
				E48C9AC11B00F1E300DD4DA3 /* search.h */,
			);
			path = cee;
			sourceTree = "<group>";
		};
		E48C9AC21B00F1E300DD4DA3 /* Foundation */ = {
			isa = PBXGroup;
			children = (
				E40B76591B9F5E2700C4C0A5 /* NSArray+Subarrays.h */,
				E40B765A1B9F5E2700C4C0A5 /* NSArray+Subarrays.m */,
				E40B765B1B9F5E2700C4C0A5 /* NSSet+RemoveObject.h */,
				E40B765C1B9F5E2700C4C0A5 /* NSSet+RemoveObject.m */,
				E48C9AC31B00F1E300DD4DA3 /* NSArray+Choose.h */,
				E48C9AC41B00F1E300DD4DA3 /* NSArray+Choose.m */,
				E48C9AC51B00F1E300DD4DA3 /* NSArray+CreateByBlock.h */,
				E48C9AC61B00F1E300DD4DA3 /* NSArray+CreateByBlock.m */,
				E48C9AC71B00F1E300DD4DA3 /* NSArray+Cycle.h */,
				E48C9AC81B00F1E300DD4DA3 /* NSArray+Cycle.m */,
				E48C9AC91B00F1E300DD4DA3 /* NSArray+Deduplicate.h */,
				E48C9ACA1B00F1E300DD4DA3 /* NSArray+Deduplicate.m */,
				E48C9ACB1B00F1E300DD4DA3 /* NSArray+DeepCopy.h */,
				E48C9ACC1B00F1E300DD4DA3 /* NSArray+DeepCopy.m */,
				E48C9ACD1B00F1E300DD4DA3 /* NSArray+DeriveArray.h */,
				E48C9ACE1B00F1E300DD4DA3 /* NSArray+DeriveArray.m */,
				E48C9ACF1B00F1E300DD4DA3 /* NSArray+FilterByBlock.h */,
				E48C9AD01B00F1E300DD4DA3 /* NSArray+FilterByBlock.m */,
				E48C9AD11B00F1E300DD4DA3 /* NSArray+PointerArray.h */,
				E48C9AD21B00F1E300DD4DA3 /* NSArray+PointerArray.m */,
				E48C9AD31B00F1E300DD4DA3 /* NSArray+RemoveObject.h */,
				E48C9AD41B00F1E300DD4DA3 /* NSArray+RemoveObject.m */,
				E48C9AD51B00F1E300DD4DA3 /* NSData+RandomData.h */,
				E48C9AD61B00F1E300DD4DA3 /* NSData+RandomData.m */,
				E48C9AD71B00F1E300DD4DA3 /* NSData+ZLibCompression.h */,
				E48C9AD81B00F1E300DD4DA3 /* NSData+ZLibCompression.m */,
				E48C9AD91B00F1E300DD4DA3 /* NSDictionary+CollectionValues.h */,
				E48C9ADA1B00F1E300DD4DA3 /* NSDictionary+CollectionValues.m */,
				E48C9ADB1B00F1E300DD4DA3 /* NSDictionary+ValueArray.h */,
				E48C9ADC1B00F1E300DD4DA3 /* NSDictionary+ValueArray.m */,
				E48C9ADD1B00F1E300DD4DA3 /* NSIndexSet+Arrays.h */,
				E48C9ADE1B00F1E300DD4DA3 /* NSIndexSet+Arrays.m */,
				E48C9ADF1B00F1E300DD4DA3 /* NSSet+DeriveSet.h */,
				E48C9AE01B00F1E300DD4DA3 /* NSSet+DeriveSet.m */,
				E48C9AE11B00F1E300DD4DA3 /* NSSet+Intersection.h */,
				E48C9AE21B00F1E300DD4DA3 /* NSSet+Intersection.m */,
			);
			path = Foundation;
			sourceTree = "<group>";
		};
		E48C9AE51B00F1E300DD4DA3 /* UIKit */ = {
			isa = PBXGroup;
			children = (
				E40B764D1B9F5E1C00C4C0A5 /* DispatchAlertView.h */,
				E40B764E1B9F5E1C00C4C0A5 /* DispatchAlertView.m */,
				E40B764F1B9F5E1C00C4C0A5 /* GestureDrivenTabController.h */,
				E40B76501B9F5E1C00C4C0A5 /* GestureDrivenTabController.m */,
				E40B76511B9F5E1C00C4C0A5 /* UIApplication+KeyboardFrame.h */,
				E40B76521B9F5E1C00C4C0A5 /* UIApplication+KeyboardFrame.m */,
				E40B76531B9F5E1C00C4C0A5 /* UIDevice+MachineProperties.h */,
				E40B76541B9F5E1C00C4C0A5 /* UIDevice+MachineProperties.m */,
				E48C9AE61B00F1E300DD4DA3 /* AdBannerViewController.h */,
				E48C9AE71B00F1E300DD4DA3 /* AdBannerViewController.m */,
				E48C9AE81B00F1E300DD4DA3 /* DispatchActionSheet.h */,
				E48C9AE91B00F1E300DD4DA3 /* DispatchActionSheet.m */,
				E48C9AEA1B00F1E300DD4DA3 /* DispatchPickerView.h */,
				E48C9AEB1B00F1E300DD4DA3 /* DispatchPickerView.m */,
				E48C9AEC1B00F1E300DD4DA3 /* DispatchTableViewController.h */,
				E48C9AED1B00F1E300DD4DA3 /* DispatchTableViewController.m */,
				E48C9AEE1B00F1E300DD4DA3 /* InAppPurchaseController.h */,
				E48C9AEF1B00F1E300DD4DA3 /* InAppPurchaseController.m */,
				E48C9AF01B00F1E300DD4DA3 /* InputAccessoryToolbar.h */,
				E48C9AF11B00F1E300DD4DA3 /* InputAccessoryToolbar.m */,
				E48C9AF21B00F1E300DD4DA3 /* LinedSectionsFlowLayout.h */,
				E48C9AF31B00F1E300DD4DA3 /* LinedSectionsFlowLayout.m */,
				E48C9AF41B00F1E300DD4DA3 /* StackedFlowLayout.h */,
				E48C9AF51B00F1E300DD4DA3 /* StackedFlowLayout.m */,
				E48C9AF61B00F1E300DD4DA3 /* TwoDimensionalLayout.h */,
				E48C9AF71B00F1E300DD4DA3 /* TwoDimensionalLayout.m */,
				E48C9AF81B00F1E300DD4DA3 /* UIApplication+GetFirstResponder.h */,
				E48C9AF91B00F1E300DD4DA3 /* UIApplication+GetFirstResponder.m */,
				E48C9AFA1B00F1E300DD4DA3 /* UICollectionView+PinchToZoom.h */,
				E48C9AFB1B00F1E300DD4DA3 /* UICollectionView+PinchToZoom.m */,
				E48C9AFC1B00F1E300DD4DA3 /* UICollectionViewController+KeyboardMgmt.h */,
				E48C9AFD1B00F1E300DD4DA3 /* UICollectionViewController+KeyboardMgmt.m */,
				E48C9AFE1B00F1E300DD4DA3 /* UIPopoverController+UniversalSupport.h */,
				E48C9AFF1B00F1E300DD4DA3 /* UIPopoverController+UniversalSupport.m */,
			);
			path = UIKit;
			sourceTree = "<group>";
		};
/* End PBXGroup section */

/* Begin PBXNativeTarget section */
		E48C9A8D1B00F1B400DD4DA3 /* Cococrunch */ = {
			isa = PBXNativeTarget;
			buildConfigurationList = E48C9AB41B00F1B500DD4DA3 /* Build configuration list for PBXNativeTarget "Cococrunch" */;
			buildPhases = (
				E48C9A8A1B00F1B400DD4DA3 /* Sources */,
				E48C9A8B1B00F1B400DD4DA3 /* Frameworks */,
				E48C9A8C1B00F1B400DD4DA3 /* Resources */,
			);
			buildRules = (
			);
			dependencies = (
			);
			name = Cococrunch;
			productName = Cococrunch;
			productReference = E48C9A8E1B00F1B400DD4DA3 /* Cococrunch.app */;
			productType = "com.apple.product-type.application";
		};
/* End PBXNativeTarget section */

/* Begin PBXProject section */
		E48C9A861B00F1B400DD4DA3 /* Project object */ = {
			isa = PBXProject;
			attributes = {
				LastUpgradeCheck = 0630;
				ORGANIZATIONNAME = mcl;
				TargetAttributes = {
					E48C9A8D1B00F1B400DD4DA3 = {
						CreatedOnToolsVersion = 6.3.1;
					};
				};
			};
			buildConfigurationList = E48C9A891B00F1B400DD4DA3 /* Build configuration list for PBXProject "Cococrunch" */;
			compatibilityVersion = "Xcode 3.2";
			developmentRegion = English;
			hasScannedForEncodings = 0;
			knownRegions = (
				en,
				Base,
			);
			mainGroup = E48C9A851B00F1B400DD4DA3;
			productRefGroup = E48C9A8F1B00F1B400DD4DA3 /* Products */;
			projectDirPath = "";
			projectRoot = "";
			targets = (
				E48C9A8D1B00F1B400DD4DA3 /* Cococrunch */,
			);
		};
/* End PBXProject section */

/* Begin PBXResourcesBuildPhase section */
		E48C9A8C1B00F1B400DD4DA3 /* Resources */ = {
			isa = PBXResourcesBuildPhase;
			buildActionMask = 2147483647;
			files = (
				E48C9AA01B00F1B400DD4DA3 /* Main.storyboard in Resources */,
				E486AB701B03286B00F0DC7D /* Default-568h@2x.png in Resources */,
			);
			runOnlyForDeploymentPostprocessing = 0;
		};
/* End PBXResourcesBuildPhase section */

/* Begin PBXSourcesBuildPhase section */
		E48C9A8A1B00F1B400DD4DA3 /* Sources */ = {
			isa = PBXSourcesBuildPhase;
			buildActionMask = 2147483647;
			files = (
				E48C9A971B00F1B400DD4DA3 /* AppDelegate.m in Sources */,
				E48C9B1E1B00F1E300DD4DA3 /* UIApplication+GetFirstResponder.m in Sources */,
				E48C9B211B00F1E300DD4DA3 /* UIPopoverController+UniversalSupport.m in Sources */,
				E48C9B1D1B00F1E300DD4DA3 /* TwoDimensionalLayout.m in Sources */,
				E48C9B191B00F1E300DD4DA3 /* InAppPurchaseController.m in Sources */,
				E48C9B0B1B00F1E300DD4DA3 /* NSArray+RemoveObject.m in Sources */,
				E48C9B1C1B00F1E300DD4DA3 /* StackedFlowLayout.m in Sources */,
				E48C9B121B00F1E300DD4DA3 /* NSSet+Intersection.m in Sources */,
				E48C9B061B00F1E300DD4DA3 /* NSArray+Deduplicate.m in Sources */,
				E48C9B101B00F1E300DD4DA3 /* NSIndexSet+Arrays.m in Sources */,
				E48C9B0C1B00F1E300DD4DA3 /* NSData+RandomData.m in Sources */,
				E48C9B051B00F1E300DD4DA3 /* NSArray+Cycle.m in Sources */,
				E48C9B021B00F1E300DD4DA3 /* search.c in Sources */,
				E48C9B0D1B00F1E300DD4DA3 /* NSData+ZLibCompression.m in Sources */,
				E48C9B111B00F1E300DD4DA3 /* NSSet+DeriveSet.m in Sources */,
				E48C9B071B00F1E300DD4DA3 /* NSArray+DeepCopy.m in Sources */,
				E48C9B171B00F1E300DD4DA3 /* DispatchPickerView.m in Sources */,
				E40B76571B9F5E1C00C4C0A5 /* UIApplication+KeyboardFrame.m in Sources */,
				E48C9B151B00F1E300DD4DA3 /* AdBannerViewController.m in Sources */,
				E48C9A941B00F1B400DD4DA3 /* main.m in Sources */,
				E48C9B1F1B00F1E300DD4DA3 /* UICollectionView+PinchToZoom.m in Sources */,
				E48C9B1A1B00F1E300DD4DA3 /* InputAccessoryToolbar.m in Sources */,
				E48C9B001B00F1E300DD4DA3 /* bezier.c in Sources */,
				E48C9B0A1B00F1E300DD4DA3 /* NSArray+PointerArray.m in Sources */,
				E48C9B1B1B00F1E300DD4DA3 /* LinedSectionsFlowLayout.m in Sources */,
				E48C9B0E1B00F1E300DD4DA3 /* NSDictionary+CollectionValues.m in Sources */,
				E48C9B041B00F1E300DD4DA3 /* NSArray+CreateByBlock.m in Sources */,
				E48C9B161B00F1E300DD4DA3 /* DispatchActionSheet.m in Sources */,
				E48C9B0F1B00F1E300DD4DA3 /* NSDictionary+ValueArray.m in Sources */,
				E40B765D1B9F5E2700C4C0A5 /* NSArray+Subarrays.m in Sources */,
				E4560BC81BA1AA7B0084269D /* GestureTabsCrunchingVC.m in Sources */,
				E40B76561B9F5E1C00C4C0A5 /* GestureDrivenTabController.m in Sources */,
				E48C9B091B00F1E300DD4DA3 /* NSArray+FilterByBlock.m in Sources */,
				E40B76551B9F5E1C00C4C0A5 /* DispatchAlertView.m in Sources */,
				E40B76581B9F5E1C00C4C0A5 /* UIDevice+MachineProperties.m in Sources */,
				E40B765E1B9F5E2700C4C0A5 /* NSSet+RemoveObject.m in Sources */,
				E48C9B201B00F1E300DD4DA3 /* UICollectionViewController+KeyboardMgmt.m in Sources */,
				E48C9B181B00F1E300DD4DA3 /* DispatchTableViewController.m in Sources */,
				E48C9B011B00F1E300DD4DA3 /* choose.c in Sources */,
				E48C9A9D1B00F1B400DD4DA3 /* PopoverCrunchingVC.m in Sources */,
				E48C9B081B00F1E300DD4DA3 /* NSArray+DeriveArray.m in Sources */,
				E48C9B031B00F1E300DD4DA3 /* NSArray+Choose.m in Sources */,
			);
			runOnlyForDeploymentPostprocessing = 0;
		};
/* End PBXSourcesBuildPhase section */

/* Begin PBXVariantGroup section */
		E48C9A9E1B00F1B400DD4DA3 /* Main.storyboard */ = {
			isa = PBXVariantGroup;
			children = (
				E48C9A9F1B00F1B400DD4DA3 /* Base */,
			);
			name = Main.storyboard;
			sourceTree = "<group>";
		};
/* End PBXVariantGroup section */

/* Begin XCBuildConfiguration section */
		E48C9AB21B00F1B500DD4DA3 /* Debug */ = {
			isa = XCBuildConfiguration;
			buildSettings = {
				ALWAYS_SEARCH_USER_PATHS = NO;
				CLANG_CXX_LANGUAGE_STANDARD = "gnu++0x";
				CLANG_CXX_LIBRARY = "libc++";
				CLANG_ENABLE_MODULES = YES;
				CLANG_ENABLE_OBJC_ARC = YES;
				CLANG_WARN_BOOL_CONVERSION = YES;
				CLANG_WARN_CONSTANT_CONVERSION = YES;
				CLANG_WARN_DIRECT_OBJC_ISA_USAGE = YES_ERROR;
				CLANG_WARN_EMPTY_BODY = YES;
				CLANG_WARN_ENUM_CONVERSION = YES;
				CLANG_WARN_INT_CONVERSION = YES;
				CLANG_WARN_OBJC_ROOT_CLASS = YES_ERROR;
				CLANG_WARN_UNREACHABLE_CODE = YES;
				CLANG_WARN__DUPLICATE_METHOD_MATCH = YES;
				"CODE_SIGN_IDENTITY[sdk=iphoneos*]" = "";
				COPY_PHASE_STRIP = NO;
				DEBUG_INFORMATION_FORMAT = "dwarf-with-dsym";
				ENABLE_STRICT_OBJC_MSGSEND = YES;
				GCC_C_LANGUAGE_STANDARD = gnu99;
				GCC_DYNAMIC_NO_PIC = NO;
				GCC_NO_COMMON_BLOCKS = YES;
				GCC_OPTIMIZATION_LEVEL = 0;
				GCC_PREPROCESSOR_DEFINITIONS = (
					"DEBUG=1",
					"$(inherited)",
				);
				GCC_SYMBOLS_PRIVATE_EXTERN = NO;
				GCC_WARN_64_TO_32_BIT_CONVERSION = YES;
				GCC_WARN_ABOUT_RETURN_TYPE = YES_ERROR;
				GCC_WARN_UNDECLARED_SELECTOR = YES;
				GCC_WARN_UNINITIALIZED_AUTOS = YES_AGGRESSIVE;
				GCC_WARN_UNUSED_FUNCTION = YES;
				GCC_WARN_UNUSED_VARIABLE = YES;
				IPHONEOS_DEPLOYMENT_TARGET = 7.0;
				MTL_ENABLE_DEBUG_INFO = YES;
				ONLY_ACTIVE_ARCH = YES;
				SDKROOT = iphoneos;
				TARGETED_DEVICE_FAMILY = "1,2";
			};
			name = Debug;
		};
		E48C9AB31B00F1B500DD4DA3 /* Release */ = {
			isa = XCBuildConfiguration;
			buildSettings = {
				ALWAYS_SEARCH_USER_PATHS = NO;
				CLANG_CXX_LANGUAGE_STANDARD = "gnu++0x";
				CLANG_CXX_LIBRARY = "libc++";
				CLANG_ENABLE_MODULES = YES;
				CLANG_ENABLE_OBJC_ARC = YES;
				CLANG_WARN_BOOL_CONVERSION = YES;
				CLANG_WARN_CONSTANT_CONVERSION = YES;
				CLANG_WARN_DIRECT_OBJC_ISA_USAGE = YES_ERROR;
				CLANG_WARN_EMPTY_BODY = YES;
				CLANG_WARN_ENUM_CONVERSION = YES;
				CLANG_WARN_INT_CONVERSION = YES;
				CLANG_WARN_OBJC_ROOT_CLASS = YES_ERROR;
				CLANG_WARN_UNREACHABLE_CODE = YES;
				CLANG_WARN__DUPLICATE_METHOD_MATCH = YES;
				"CODE_SIGN_IDENTITY[sdk=iphoneos*]" = "";
				COPY_PHASE_STRIP = NO;
				DEBUG_INFORMATION_FORMAT = "dwarf-with-dsym";
				ENABLE_NS_ASSERTIONS = NO;
				ENABLE_STRICT_OBJC_MSGSEND = YES;
				GCC_C_LANGUAGE_STANDARD = gnu99;
				GCC_NO_COMMON_BLOCKS = YES;
				GCC_WARN_64_TO_32_BIT_CONVERSION = YES;
				GCC_WARN_ABOUT_RETURN_TYPE = YES_ERROR;
				GCC_WARN_UNDECLARED_SELECTOR = YES;
				GCC_WARN_UNINITIALIZED_AUTOS = YES_AGGRESSIVE;
				GCC_WARN_UNUSED_FUNCTION = YES;
				GCC_WARN_UNUSED_VARIABLE = YES;
				IPHONEOS_DEPLOYMENT_TARGET = 7.0;
				MTL_ENABLE_DEBUG_INFO = NO;
				SDKROOT = iphoneos;
				TARGETED_DEVICE_FAMILY = "1,2";
				VALIDATE_PRODUCT = YES;
			};
			name = Release;
		};
		E48C9AB51B00F1B500DD4DA3 /* Debug */ = {
			isa = XCBuildConfiguration;
			buildSettings = {
				INFOPLIST_FILE = Cococrunch/Info.plist;
				IPHONEOS_DEPLOYMENT_TARGET = 7.0;
				LD_RUNPATH_SEARCH_PATHS = "$(inherited) @executable_path/Frameworks";
				OTHER_LDFLAGS = (
					"-lz",
					"-ObjC",
				);
				PRODUCT_NAME = "$(TARGET_NAME)";
			};
			name = Debug;
		};
		E48C9AB61B00F1B500DD4DA3 /* Release */ = {
			isa = XCBuildConfiguration;
			buildSettings = {
				INFOPLIST_FILE = Cococrunch/Info.plist;
				IPHONEOS_DEPLOYMENT_TARGET = 7.0;
				LD_RUNPATH_SEARCH_PATHS = "$(inherited) @executable_path/Frameworks";
				OTHER_LDFLAGS = (
					"-lz",
					"-ObjC",
				);
				PRODUCT_NAME = "$(TARGET_NAME)";
			};
			name = Release;
		};
/* End XCBuildConfiguration section */

/* Begin XCConfigurationList section */
		E48C9A891B00F1B400DD4DA3 /* Build configuration list for PBXProject "Cococrunch" */ = {
			isa = XCConfigurationList;
			buildConfigurations = (
				E48C9AB21B00F1B500DD4DA3 /* Debug */,
				E48C9AB31B00F1B500DD4DA3 /* Release */,
			);
			defaultConfigurationIsVisible = 0;
			defaultConfigurationName = Release;
		};
		E48C9AB41B00F1B500DD4DA3 /* Build configuration list for PBXNativeTarget "Cococrunch" */ = {
			isa = XCConfigurationList;
			buildConfigurations = (
				E48C9AB51B00F1B500DD4DA3 /* Debug */,
				E48C9AB61B00F1B500DD4DA3 /* Release */,
			);
			defaultConfigurationIsVisible = 0;
			defaultConfigurationName = Release;
		};
/* End XCConfigurationList section */
	};
	rootObject = E48C9A861B00F1B400DD4DA3 /* Project object */;
}
